<Solution>
  <Folder Name="/Controller-Based-Project/">
    <Project Path="Controller-Based-Project/Content_Negotiation/Content_Negotiation.csproj" />
    <Project Path="Controller-Based-Project/_01_ControllerApi_Basics/_01_ControllerApi_Basics.csproj" />
  </Folder>
  <Folder Name="/Error-Handling/">
    <Project Path="Error-Handling/_01_DefaultBehaviour/_01_DefaultBehaviour.csproj" />
  </Folder>
  <Folder Name="/Filters/">
    <Project Path="Filters/_01_ActionFilters/_01_ActionFilters.csproj" />
    <Project Path="Filters/_02_ResultFilters/_02_ResultFilters.csproj" />
    <Project Path="Filters/_03_ExceptionFilter/_03_ExceptionFilter.csproj" />
  </Folder>
  <Folder Name="/IntegrationWithDatabase/">
    <Project Path="IntegrationWithDatabase/WebAppWithEntityFramework/WebAppWithEntityFramework.csproj" />
  </Folder>
  <Folder Name="/Minimal-Api-Project/">
    <Project Path="Minimal-Api-Project/Minimal_WebApi/Minimal_WebApi.csproj" />
  </Folder>
  <Folder Name="/ModelBinding/">
    <Project Path="ModelBinding/BodyBinding/BodyBinding.csproj" />
    <Project Path="ModelBinding/CookiesBinding/CookiesBinding.csproj" />
    <Project Path="ModelBinding/ModelBindingFromForms/ModelBindingFromForms.csproj" />
    <Project Path="ModelBinding/QueryStrings/QueryStrings.csproj" />
    <Project Path="ModelBinding/RequestHeadersBinding/RequestHeadersBinding.csproj" />
    <Project Path="ModelBinding/_01_RouteParams/_01_RouteParams.csproj" />
  </Folder>
  <Folder Name="/Routing/">
    <Project Path="Routing/LinkGeneration/LinkGeneration.csproj" />
    <Project Path="Routing/RouteConstrains/RouteConstrains.csproj" />
    <Project Path="Routing/_01_WhatIsRouting/_01_WhatIsRouting.csproj" />
    <Project Path="Routing/_02_RouteTemplates/_02_RouteTemplates.csproj" />
  </Folder>
  <Project Path="ConfigurationExplanation/ConfigurationExplanation.csproj" />
  <Project Path="MiddlewaresExplanation/MiddlewaresExplanation.csproj" />
</Solution>
